
Microsoft Visual Studio Solution File, Format Version 12.00
# Visual Studio Version 17
VisualStudioVersion = 17.0.31903.59
MinimumVisualStudioVersion = 10.0.40219.1
Project("{FAE04EC0-301F-11D3-BF4B-00C04F79EFBC}") = "UserManagerLib", "UserManagerLib\UserManagerLib.csproj", "{C5013BA5-1643-45CA-A8D7-82ADD0970F41}"
EndProject
Project("{FAE04EC0-301F-11D3-BF4B-00C04F79EFBC}") = "UserManagerLib.Tests", "UserManagerLib.Tests\UserManagerLib.Tests.csproj", "{4DC72A1B-3204-40C5-91E2-0DC1F609003F}"
EndProject
Global
	GlobalSection(SolutionConfigurationPlatforms) = preSolution
		Debug|Any CPU = Debug|Any CPU
		Release|Any CPU = Release|Any CPU
	EndGlobalSection
	GlobalSection(ProjectConfigurationPlatforms) = postSolution
		{C5013BA5-1643-45CA-A8D7-82ADD0970F41}.Debug|Any CPU.ActiveCfg = Debug|Any CPU
		{C5013BA5-1643-45CA-A8D7-82ADD0970F41}.Debug|Any CPU.Build.0 = Debug|Any CPU
		{C5013BA5-1643-45CA-A8D7-82ADD0970F41}.Release|Any CPU.ActiveCfg = Release|Any CPU
		{C5013BA5-1643-45CA-A8D7-82ADD0970F41}.Release|Any CPU.Build.0 = Release|Any CPU
		{4DC72A1B-3204-40C5-91E2-0DC1F609003F}.Debug|Any CPU.ActiveCfg = Debug|Any CPU
		{4DC72A1B-3204-40C5-91E2-0DC1F609003F}.Debug|Any CPU.Build.0 = Debug|Any CPU
		{4DC72A1B-3204-40C5-91E2-0DC1F609003F}.Release|Any CPU.ActiveCfg = Release|Any CPU
		{4DC72A1B-3204-40C5-91E2-0DC1F609003F}.Release|Any CPU.Build.0 = Release|Any CPU
	EndGlobalSection
	GlobalSection(SolutionProperties) = preSolution
		HideSolutionNode = FALSE
	EndGlobalSection
EndGlobal
