
Microsoft Visual Studio Solution File, Format Version 12.00
# Visual Studio Version 17
VisualStudioVersion = 17.0.31903.59
MinimumVisualStudioVersion = 10.0.40219.1
Project("{FAE04EC0-301F-11D3-BF4B-00C04F79EFBC}") = "FourSeasonsLib", "FourSeasonsLib\FourSeasonsLib.csproj", "{F32D4F01-4849-4441-9F7D-81DDCCBE8274}"
EndProject
Project("{FAE04EC0-301F-11D3-BF4B-00C04F79EFBC}") = "FourSeasonsLib.Tests", "FourSeasonsLib.Tests\FourSeasonsLib.Tests.csproj", "{E3D065A0-174D-4141-B1AA-8C8A897E82EF}"
EndProject
Global
	GlobalSection(SolutionConfigurationPlatforms) = preSolution
		Debug|Any CPU = Debug|Any CPU
		Release|Any CPU = Release|Any CPU
	EndGlobalSection
	GlobalSection(ProjectConfigurationPlatforms) = postSolution
		{F32D4F01-4849-4441-9F7D-81DDCCBE8274}.Debug|Any CPU.ActiveCfg = Debug|Any CPU
		{F32D4F01-4849-4441-9F7D-81DDCCBE8274}.Debug|Any CPU.Build.0 = Debug|Any CPU
		{F32D4F01-4849-4441-9F7D-81DDCCBE8274}.Release|Any CPU.ActiveCfg = Release|Any CPU
		{F32D4F01-4849-4441-9F7D-81DDCCBE8274}.Release|Any CPU.Build.0 = Release|Any CPU
		{E3D065A0-174D-4141-B1AA-8C8A897E82EF}.Debug|Any CPU.ActiveCfg = Debug|Any CPU
		{E3D065A0-174D-4141-B1AA-8C8A897E82EF}.Debug|Any CPU.Build.0 = Debug|Any CPU
		{E3D065A0-174D-4141-B1AA-8C8A897E82EF}.Release|Any CPU.ActiveCfg = Release|Any CPU
		{E3D065A0-174D-4141-B1AA-8C8A897E82EF}.Release|Any CPU.Build.0 = Release|Any CPU
	EndGlobalSection
	GlobalSection(SolutionProperties) = preSolution
		HideSolutionNode = FALSE
	EndGlobalSection
EndGlobal
