
Microsoft Visual Studio Solution File, Format Version 12.00
# Visual Studio Version 17
VisualStudioVersion = 17.0.31903.59
MinimumVisualStudioVersion = 10.0.40219.1
Project("{FAE04EC0-301F-11D3-BF4B-00C04F79EFBC}") = "CalcLibrary", "CalcLibrary\CalcLibrary.csproj", "{221A662E-E952-4558-8D6E-1F0A33853000}"
EndProject
Project("{FAE04EC0-301F-11D3-BF4B-00C04F79EFBC}") = "CalcLibrary.Tests", "CalcLibrary.Tests\CalcLibrary.Tests.csproj", "{F9AC0D3E-B848-43DE-A7AF-41806F0ADAF1}"
EndProject
Global
	GlobalSection(SolutionConfigurationPlatforms) = preSolution
		Debug|Any CPU = Debug|Any CPU
		Release|Any CPU = Release|Any CPU
	EndGlobalSection
	GlobalSection(ProjectConfigurationPlatforms) = postSolution
		{221A662E-E952-4558-8D6E-1F0A33853000}.Debug|Any CPU.ActiveCfg = Debug|Any CPU
		{221A662E-E952-4558-8D6E-1F0A33853000}.Debug|Any CPU.Build.0 = Debug|Any CPU
		{221A662E-E952-4558-8D6E-1F0A33853000}.Release|Any CPU.ActiveCfg = Release|Any CPU
		{221A662E-E952-4558-8D6E-1F0A33853000}.Release|Any CPU.Build.0 = Release|Any CPU
		{F9AC0D3E-B848-43DE-A7AF-41806F0ADAF1}.Debug|Any CPU.ActiveCfg = Debug|Any CPU
		{F9AC0D3E-B848-43DE-A7AF-41806F0ADAF1}.Debug|Any CPU.Build.0 = Debug|Any CPU
		{F9AC0D3E-B848-43DE-A7AF-41806F0ADAF1}.Release|Any CPU.ActiveCfg = Release|Any CPU
		{F9AC0D3E-B848-43DE-A7AF-41806F0ADAF1}.Release|Any CPU.Build.0 = Release|Any CPU
	EndGlobalSection
	GlobalSection(SolutionProperties) = preSolution
		HideSolutionNode = FALSE
	EndGlobalSection
EndGlobal
