
Microsoft Visual Studio Solution File, Format Version 12.00
# Visual Studio Version 17
VisualStudioVersion = 17.0.31903.59
MinimumVisualStudioVersion = 10.0.40219.1
Project("{FAE04EC0-301F-11D3-BF4B-00C04F79EFBC}") = "LeapYearCalculatorLib", "LeapYearCalculatorLib\LeapYearCalculatorLib.csproj", "{C2189F43-BBF3-4B53-BF39-D1F280AC81FD}"
EndProject
Project("{FAE04EC0-301F-11D3-BF4B-00C04F79EFBC}") = "LeapYearCalculatorLib.Tests", "LeapYearCalculatorLib.Tests\LeapYearCalculatorLib.Tests.csproj", "{7020B433-534A-443A-80D3-7C7647434224}"
EndProject
Global
	GlobalSection(SolutionConfigurationPlatforms) = preSolution
		Debug|Any CPU = Debug|Any CPU
		Release|Any CPU = Release|Any CPU
	EndGlobalSection
	GlobalSection(ProjectConfigurationPlatforms) = postSolution
		{C2189F43-BBF3-4B53-BF39-D1F280AC81FD}.Debug|Any CPU.ActiveCfg = Debug|Any CPU
		{C2189F43-BBF3-4B53-BF39-D1F280AC81FD}.Debug|Any CPU.Build.0 = Debug|Any CPU
		{C2189F43-BBF3-4B53-BF39-D1F280AC81FD}.Release|Any CPU.ActiveCfg = Release|Any CPU
		{C2189F43-BBF3-4B53-BF39-D1F280AC81FD}.Release|Any CPU.Build.0 = Release|Any CPU
		{7020B433-534A-443A-80D3-7C7647434224}.Debug|Any CPU.ActiveCfg = Debug|Any CPU
		{7020B433-534A-443A-80D3-7C7647434224}.Debug|Any CPU.Build.0 = Debug|Any CPU
		{7020B433-534A-443A-80D3-7C7647434224}.Release|Any CPU.ActiveCfg = Release|Any CPU
		{7020B433-534A-443A-80D3-7C7647434224}.Release|Any CPU.Build.0 = Release|Any CPU
	EndGlobalSection
	GlobalSection(SolutionProperties) = preSolution
		HideSolutionNode = FALSE
	EndGlobalSection
EndGlobal
